
Microsoft Visual Studio Solution File, Format Version 12.00
# Visual Studio Version 16
VisualStudioVersion = 16.0.31515.178
MinimumVisualStudioVersion = 10.0.40219.1
Project("{888888A0-9F3D-457C-B088-3A5042F75D52}") = "CourseProject_Phase3_MelissaAdamsCIS261", "CourseProject_Phase3_MelissaAdamsCIS261.pyproj", "{99A724DB-DD83-403A-8820-BC9522BAD453}"
EndProject
Global
	GlobalSection(SolutionConfigurationPlatforms) = preSolution
		Debug|Any CPU = Debug|Any CPU
		Release|Any CPU = Release|Any CPU
	EndGlobalSection
	GlobalSection(ProjectConfigurationPlatforms) = postSolution
		{99A724DB-DD83-403A-8820-BC9522BAD453}.Debug|Any CPU.ActiveCfg = Debug|Any CPU
		{99A724DB-DD83-403A-8820-BC9522BAD453}.Release|Any CPU.ActiveCfg = Release|Any CPU
	EndGlobalSection
	GlobalSection(SolutionProperties) = preSolution
		HideSolutionNode = FALSE
	EndGlobalSection
	GlobalSection(ExtensibilityGlobals) = postSolution
		SolutionGuid = {F3FBDD29-280B-4037-BC8F-20209E463E3E}
	EndGlobalSection
EndGlobal
